
Microsoft Visual Studio Solution File, Format Version 12.00
# Visual Studio 14
VisualStudioVersion = 14.0.24720.0
MinimumVisualStudioVersion = 10.0.40219.1
Project("{FAE04EC0-301F-11D3-BF4B-00C04F79EFBC}") = "Text Document Analysis", "Text Document Analysis\Text Document Analysis.csproj", "{FB6D3603-12E8-4F9C-B31A-707851E2C0EF}"
EndProject
Global
	GlobalSection(SolutionConfigurationPlatforms) = preSolution
		Debug|Any CPU = Debug|Any CPU
		Release|Any CPU = Release|Any CPU
	EndGlobalSection
	GlobalSection(ProjectConfigurationPlatforms) = postSolution
		{FB6D3603-12E8-4F9C-B31A-707851E2C0EF}.Debug|Any CPU.ActiveCfg = Debug|Any CPU
		{FB6D3603-12E8-4F9C-B31A-707851E2C0EF}.Debug|Any CPU.Build.0 = Debug|Any CPU
		{FB6D3603-12E8-4F9C-B31A-707851E2C0EF}.Release|Any CPU.ActiveCfg = Release|Any CPU
		{FB6D3603-12E8-4F9C-B31A-707851E2C0EF}.Release|Any CPU.Build.0 = Release|Any CPU
	EndGlobalSection
	GlobalSection(SolutionProperties) = preSolution
		HideSolutionNode = FALSE
	EndGlobalSection
EndGlobal
